// !$*UTF8*$!
{
	archiveVersion = 1;
	classes = {
	};
	objectVersion = 52;
	objects = {

/* Begin PBXBuildFile section */
		8D75D0F2255C42EC00B85665 /* AppDelegate.swift in Sources */ = {isa = PBXBuildFile; fileRef = 8D75D0F1255C42EC00B85665 /* AppDelegate.swift */; };
		8D75D0F4255C42EC00B85665 /* SceneDelegate.swift in Sources */ = {isa = PBXBuildFile; fileRef = 8D75D0F3255C42EC00B85665 /* SceneDelegate.swift */; };
		8D75D0F6255C42EC00B85665 /* ViewController.swift in Sources */ = {isa = PBXBuildFile; fileRef = 8D75D0F5255C42EC00B85665 /* ViewController.swift */; };
		8D75D0FB255C42F000B85665 /* Assets.xcassets in Resources */ = {isa = PBXBuildFile; fileRef = 8D75D0FA255C42F000B85665 /* Assets.xcassets */; };
		8D75D0FE255C42F000B85665 /* LaunchScreen.storyboard in Resources */ = {isa = PBXBuildFile; fileRef = 8D75D0FC255C42F000B85665 /* LaunchScreen.storyboard */; };
		8D75D10F255C670600B85665 /* PrettyConstraints in Frameworks */ = {isa = PBXBuildFile; productRef = 8D75D10E255C670600B85665 /* PrettyConstraints */; };
/* End PBXBuildFile section */

/* Begin PBXFileReference section */
		8D75D0EE255C42EC00B85665 /* PrettyConstraintsExamples.app */ = {isa = PBXFileReference; explicitFileType = wrapper.application; includeInIndex = 0; path = PrettyConstraintsExamples.app; sourceTree = BUILT_PRODUCTS_DIR; };
		8D75D0F1255C42EC00B85665 /* AppDelegate.swift */ = {isa = PBXFileReference; lastKnownFileType = sourcecode.swift; path = AppDelegate.swift; sourceTree = "<group>"; };
		8D75D0F3255C42EC00B85665 /* SceneDelegate.swift */ = {isa = PBXFileReference; lastKnownFileType = sourcecode.swift; path = SceneDelegate.swift; sourceTree = "<group>"; };
		8D75D0F5255C42EC00B85665 /* ViewController.swift */ = {isa = PBXFileReference; lastKnownFileType = sourcecode.swift; path = ViewController.swift; sourceTree = "<group>"; };
		8D75D0FA255C42F000B85665 /* Assets.xcassets */ = {isa = PBXFileReference; lastKnownFileType = folder.assetcatalog; path = Assets.xcassets; sourceTree = "<group>"; };
		8D75D0FD255C42F000B85665 /* Base */ = {isa = PBXFileReference; lastKnownFileType = file.storyboard; name = Base; path = Base.lproj/LaunchScreen.storyboard; sourceTree = "<group>"; };
		8D75D0FF255C42F000B85665 /* Info.plist */ = {isa = PBXFileReference; lastKnownFileType = text.plist.xml; path = Info.plist; sourceTree = "<group>"; };
/* End PBXFileReference section */

/* Begin PBXFrameworksBuildPhase section */
		8D75D0EB255C42EC00B85665 /* Frameworks */ = {
			isa = PBXFrameworksBuildPhase;
			buildActionMask = 2147483647;
			files = (
				8D75D10F255C670600B85665 /* PrettyConstraints in Frameworks */,
			);
			runOnlyForDeploymentPostprocessing = 0;
		};
/* End PBXFrameworksBuildPhase section */

/* Begin PBXGroup section */
		8D75D0E5255C42EC00B85665 = {
			isa = PBXGroup;
			children = (
				8D75D0F0255C42EC00B85665 /* PrettyConstraintsExamples */,
				8D75D0EF255C42EC00B85665 /* Products */,
			);
			sourceTree = "<group>";
		};
		8D75D0EF255C42EC00B85665 /* Products */ = {
			isa = PBXGroup;
			children = (
				8D75D0EE255C42EC00B85665 /* PrettyConstraintsExamples.app */,
			);
			name = Products;
			sourceTree = "<group>";
		};
		8D75D0F0255C42EC00B85665 /* PrettyConstraintsExamples */ = {
			isa = PBXGroup;
			children = (
				8D75D0F1255C42EC00B85665 /* AppDelegate.swift */,
				8D75D0F3255C42EC00B85665 /* SceneDelegate.swift */,
				8D75D0F5255C42EC00B85665 /* ViewController.swift */,
				8D75D0FA255C42F000B85665 /* Assets.xcassets */,
				8D75D0FC255C42F000B85665 /* LaunchScreen.storyboard */,
				8D75D0FF255C42F000B85665 /* Info.plist */,
			);
			name = PrettyConstraintsExamples;
			sourceTree = "<group>";
		};
/* End PBXGroup section */

/* Begin PBXNativeTarget section */
		8D75D0ED255C42EC00B85665 /* PrettyConstraintsExamples */ = {
			isa = PBXNativeTarget;
			buildConfigurationList = 8D75D102255C42F000B85665 /* Build configuration list for PBXNativeTarget "PrettyConstraintsExamples" */;
			buildPhases = (
				8D75D0EA255C42EC00B85665 /* Sources */,
				8D75D0EB255C42EC00B85665 /* Frameworks */,
				8D75D0EC255C42EC00B85665 /* Resources */,
			);
			buildRules = (
			);
			dependencies = (
			);
			name = PrettyConstraintsExamples;
			packageProductDependencies = (
				8D75D10E255C670600B85665 /* PrettyConstraints */,
			);
			productName = PrettyConstraintsExamples;
			productReference = 8D75D0EE255C42EC00B85665 /* PrettyConstraintsExamples.app */;
			productType = "com.apple.product-type.application";
		};
/* End PBXNativeTarget section */

/* Begin PBXProject section */
		8D75D0E6255C42EC00B85665 /* Project object */ = {
			isa = PBXProject;
			attributes = {
				LastSwiftUpdateCheck = 1210;
				LastUpgradeCheck = 1210;
				TargetAttributes = {
					8D75D0ED255C42EC00B85665 = {
						CreatedOnToolsVersion = 12.1;
					};
				};
			};
			buildConfigurationList = 8D75D0E9255C42EC00B85665 /* Build configuration list for PBXProject "PrettyConstraintsExamples" */;
			compatibilityVersion = "Xcode 9.3";
			developmentRegion = en;
			hasScannedForEncodings = 0;
			knownRegions = (
				en,
				Base,
			);
			mainGroup = 8D75D0E5255C42EC00B85665;
			packageReferences = (
				8D75D10D255C670600B85665 /* XCRemoteSwiftPackageReference "PrettyConstraints" */,
			);
			productRefGroup = 8D75D0EF255C42EC00B85665 /* Products */;
			projectDirPath = "";
			projectRoot = "";
			targets = (
				8D75D0ED255C42EC00B85665 /* PrettyConstraintsExamples */,
			);
		};
/* End PBXProject section */

/* Begin PBXResourcesBuildPhase section */
		8D75D0EC255C42EC00B85665 /* Resources */ = {
			isa = PBXResourcesBuildPhase;
			buildActionMask = 2147483647;
			files = (
				8D75D0FE255C42F000B85665 /* LaunchScreen.storyboard in Resources */,
				8D75D0FB255C42F000B85665 /* Assets.xcassets in Resources */,
			);
			runOnlyForDeploymentPostprocessing = 0;
		};
/* End PBXResourcesBuildPhase section */

/* Begin PBXSourcesBuildPhase section */
		8D75D0EA255C42EC00B85665 /* Sources */ = {
			isa = PBXSourcesBuildPhase;
			buildActionMask = 2147483647;
			files = (
				8D75D0F6255C42EC00B85665 /* ViewController.swift in Sources */,
				8D75D0F2255C42EC00B85665 /* AppDelegate.swift in Sources */,
				8D75D0F4255C42EC00B85665 /* SceneDelegate.swift in Sources */,
			);
			runOnlyForDeploymentPostprocessing = 0;
		};
/* End PBXSourcesBuildPhase section */

/* Begin PBXVariantGroup section */
		8D75D0FC255C42F000B85665 /* LaunchScreen.storyboard */ = {
			isa = PBXVariantGroup;
			children = (
				8D75D0FD255C42F000B85665 /* Base */,
			);
			name = LaunchScreen.storyboard;
			sourceTree = "<group>";
		};
/* End PBXVariantGroup section */

/* Begin XCBuildConfiguration section */
		8D75D100255C42F000B85665 /* Debug */ = {
			isa = XCBuildConfiguration;
			buildSettings = {
				ALWAYS_SEARCH_USER_PATHS = NO;
				CLANG_ANALYZER_NONNULL = YES;
				CLANG_ANALYZER_NUMBER_OBJECT_CONVERSION = YES_AGGRESSIVE;
				CLANG_CXX_LANGUAGE_STANDARD = "gnu++14";
				CLANG_CXX_LIBRARY = "libc++";
				CLANG_ENABLE_MODULES = YES;
				CLANG_ENABLE_OBJC_ARC = YES;
				CLANG_ENABLE_OBJC_WEAK = YES;
				CLANG_WARN_BLOCK_CAPTURE_AUTORELEASING = YES;
				CLANG_WARN_BOOL_CONVERSION = YES;
				CLANG_WARN_COMMA = YES;
				CLANG_WARN_CONSTANT_CONVERSION = YES;
				CLANG_WARN_DEPRECATED_OBJC_IMPLEMENTATIONS = YES;
				CLANG_WARN_DIRECT_OBJC_ISA_USAGE = YES_ERROR;
				CLANG_WARN_DOCUMENTATION_COMMENTS = YES;
				CLANG_WARN_EMPTY_BODY = YES;
				CLANG_WARN_ENUM_CONVERSION = YES;
				CLANG_WARN_INFINITE_RECURSION = YES;
				CLANG_WARN_INT_CONVERSION = YES;
				CLANG_WARN_NON_LITERAL_NULL_CONVERSION = YES;
				CLANG_WARN_OBJC_IMPLICIT_RETAIN_SELF = YES;
				CLANG_WARN_OBJC_LITERAL_CONVERSION = YES;
				CLANG_WARN_OBJC_ROOT_CLASS = YES_ERROR;
				CLANG_WARN_QUOTED_INCLUDE_IN_FRAMEWORK_HEADER = YES;
				CLANG_WARN_RANGE_LOOP_ANALYSIS = YES;
				CLANG_WARN_STRICT_PROTOTYPES = YES;
				CLANG_WARN_SUSPICIOUS_MOVE = YES;
				CLANG_WARN_UNGUARDED_AVAILABILITY = YES_AGGRESSIVE;
				CLANG_WARN_UNREACHABLE_CODE = YES;
				CLANG_WARN__DUPLICATE_METHOD_MATCH = YES;
				COPY_PHASE_STRIP = NO;
				DEBUG_INFORMATION_FORMAT = dwarf;
				ENABLE_STRICT_OBJC_MSGSEND = YES;
				ENABLE_TESTABILITY = YES;
				GCC_C_LANGUAGE_STANDARD = gnu11;
				GCC_DYNAMIC_NO_PIC = NO;
				GCC_NO_COMMON_BLOCKS = YES;
				GCC_OPTIMIZATION_LEVEL = 0;
				GCC_PREPROCESSOR_DEFINITIONS = (
					"DEBUG=1",
					"$(inherited)",
				);
				GCC_WARN_64_TO_32_BIT_CONVERSION = YES;
				GCC_WARN_ABOUT_RETURN_TYPE = YES_ERROR;
				GCC_WARN_UNDECLARED_SELECTOR = YES;
				GCC_WARN_UNINITIALIZED_AUTOS = YES_AGGRESSIVE;
				GCC_WARN_UNUSED_FUNCTION = YES;
				GCC_WARN_UNUSED_VARIABLE = YES;
				IPHONEOS_DEPLOYMENT_TARGET = 14.1;
				MTL_ENABLE_DEBUG_INFO = INCLUDE_SOURCE;
				MTL_FAST_MATH = YES;
				ONLY_ACTIVE_ARCH = YES;
				SDKROOT = iphoneos;
				SWIFT_ACTIVE_COMPILATION_CONDITIONS = DEBUG;
				SWIFT_OPTIMIZATION_LEVEL = "-Onone";
			};
			name = Debug;
		};
		8D75D101255C42F000B85665 /* Release */ = {
			isa = XCBuildConfiguration;
			buildSettings = {
				ALWAYS_SEARCH_USER_PATHS = NO;
				CLANG_ANALYZER_NONNULL = YES;
				CLANG_ANALYZER_NUMBER_OBJECT_CONVERSION = YES_AGGRESSIVE;
				CLANG_CXX_LANGUAGE_STANDARD = "gnu++14";
				CLANG_CXX_LIBRARY = "libc++";
				CLANG_ENABLE_MODULES = YES;
				CLANG_ENABLE_OBJC_ARC = YES;
				CLANG_ENABLE_OBJC_WEAK = YES;
				CLANG_WARN_BLOCK_CAPTURE_AUTORELEASING = YES;
				CLANG_WARN_BOOL_CONVERSION = YES;
				CLANG_WARN_COMMA = YES;
				CLANG_WARN_CONSTANT_CONVERSION = YES;
				CLANG_WARN_DEPRECATED_OBJC_IMPLEMENTATIONS = YES;
				CLANG_WARN_DIRECT_OBJC_ISA_USAGE = YES_ERROR;
				CLANG_WARN_DOCUMENTATION_COMMENTS = YES;
				CLANG_WARN_EMPTY_BODY = YES;
				CLANG_WARN_ENUM_CONVERSION = YES;
				CLANG_WARN_INFINITE_RECURSION = YES;
				CLANG_WARN_INT_CONVERSION = YES;
				CLANG_WARN_NON_LITERAL_NULL_CONVERSION = YES;
				CLANG_WARN_OBJC_IMPLICIT_RETAIN_SELF = YES;
				CLANG_WARN_OBJC_LITERAL_CONVERSION = YES;
				CLANG_WARN_OBJC_ROOT_CLASS = YES_ERROR;
				CLANG_WARN_QUOTED_INCLUDE_IN_FRAMEWORK_HEADER = YES;
				CLANG_WARN_RANGE_LOOP_ANALYSIS = YES;
				CLANG_WARN_STRICT_PROTOTYPES = YES;
				CLANG_WARN_SUSPICIOUS_MOVE = YES;
				CLANG_WARN_UNGUARDED_AVAILABILITY = YES_AGGRESSIVE;
				CLANG_WARN_UNREACHABLE_CODE = YES;
				CLANG_WARN__DUPLICATE_METHOD_MATCH = YES;
				COPY_PHASE_STRIP = NO;
				DEBUG_INFORMATION_FORMAT = "dwarf-with-dsym";
				ENABLE_NS_ASSERTIONS = NO;
				ENABLE_STRICT_OBJC_MSGSEND = YES;
				GCC_C_LANGUAGE_STANDARD = gnu11;
				GCC_NO_COMMON_BLOCKS = YES;
				GCC_WARN_64_TO_32_BIT_CONVERSION = YES;
				GCC_WARN_ABOUT_RETURN_TYPE = YES_ERROR;
				GCC_WARN_UNDECLARED_SELECTOR = YES;
				GCC_WARN_UNINITIALIZED_AUTOS = YES_AGGRESSIVE;
				GCC_WARN_UNUSED_FUNCTION = YES;
				GCC_WARN_UNUSED_VARIABLE = YES;
				IPHONEOS_DEPLOYMENT_TARGET = 14.1;
				MTL_ENABLE_DEBUG_INFO = NO;
				MTL_FAST_MATH = YES;
				SDKROOT = iphoneos;
				SWIFT_COMPILATION_MODE = wholemodule;
				SWIFT_OPTIMIZATION_LEVEL = "-O";
				VALIDATE_PRODUCT = YES;
			};
			name = Release;
		};
		8D75D103255C42F000B85665 /* Debug */ = {
			isa = XCBuildConfiguration;
			buildSettings = {
				ASSETCATALOG_COMPILER_APPICON_NAME = AppIcon;
				ASSETCATALOG_COMPILER_GLOBAL_ACCENT_COLOR_NAME = AccentColor;
				CODE_SIGN_STYLE = Automatic;
				INFOPLIST_FILE = "$(SRCROOT)/Info.plist";
				IPHONEOS_DEPLOYMENT_TARGET = 11.0;
				LD_RUNPATH_SEARCH_PATHS = (
					"$(inherited)",
					"@executable_path/Frameworks",
				);
				PRODUCT_BUNDLE_IDENTIFIER = com.mobiraft.PrettyConstraintsExamples;
				PRODUCT_NAME = "$(TARGET_NAME)";
				SWIFT_VERSION = 5.0;
				TARGETED_DEVICE_FAMILY = "1,2";
			};
			name = Debug;
		};
		8D75D104255C42F000B85665 /* Release */ = {
			isa = XCBuildConfiguration;
			buildSettings = {
				ASSETCATALOG_COMPILER_APPICON_NAME = AppIcon;
				ASSETCATALOG_COMPILER_GLOBAL_ACCENT_COLOR_NAME = AccentColor;
				CODE_SIGN_STYLE = Automatic;
				INFOPLIST_FILE = "$(SRCROOT)/Info.plist";
				IPHONEOS_DEPLOYMENT_TARGET = 11.0;
				LD_RUNPATH_SEARCH_PATHS = (
					"$(inherited)",
					"@executable_path/Frameworks",
				);
				PRODUCT_BUNDLE_IDENTIFIER = com.mobiraft.PrettyConstraintsExamples;
				PRODUCT_NAME = "$(TARGET_NAME)";
				SWIFT_VERSION = 5.0;
				TARGETED_DEVICE_FAMILY = "1,2";
			};
			name = Release;
		};
/* End XCBuildConfiguration section */

/* Begin XCConfigurationList section */
		8D75D0E9255C42EC00B85665 /* Build configuration list for PBXProject "PrettyConstraintsExamples" */ = {
			isa = XCConfigurationList;
			buildConfigurations = (
				8D75D100255C42F000B85665 /* Debug */,
				8D75D101255C42F000B85665 /* Release */,
			);
			defaultConfigurationIsVisible = 0;
			defaultConfigurationName = Release;
		};
		8D75D102255C42F000B85665 /* Build configuration list for PBXNativeTarget "PrettyConstraintsExamples" */ = {
			isa = XCConfigurationList;
			buildConfigurations = (
				8D75D103255C42F000B85665 /* Debug */,
				8D75D104255C42F000B85665 /* Release */,
			);
			defaultConfigurationIsVisible = 0;
			defaultConfigurationName = Release;
		};
/* End XCConfigurationList section */

/* Begin XCRemoteSwiftPackageReference section */
		8D75D10D255C670600B85665 /* XCRemoteSwiftPackageReference "PrettyConstraints" */ = {
			isa = XCRemoteSwiftPackageReference;
			repositoryURL = "https://github.com/mobiraft/PrettyConstraints";
			requirement = {
				kind = upToNextMajorVersion;
				minimumVersion = 0.0.2;
			};
		};
/* End XCRemoteSwiftPackageReference section */

/* Begin XCSwiftPackageProductDependency section */
		8D75D10E255C670600B85665 /* PrettyConstraints */ = {
			isa = XCSwiftPackageProductDependency;
			package = 8D75D10D255C670600B85665 /* XCRemoteSwiftPackageReference "PrettyConstraints" */;
			productName = PrettyConstraints;
		};
/* End XCSwiftPackageProductDependency section */
	};
	rootObject = 8D75D0E6255C42EC00B85665 /* Project object */;
}
